
Microsoft Visual Studio Solution File, Format Version 12.00
# Visual Studio Version 17
VisualStudioVersion = 17.10.34928.147
MinimumVisualStudioVersion = 10.0.40219.1
Project("{FAE04EC0-301F-11D3-BF4B-00C04F79EFBC}") = "basicWeb", "basicWeb\basicWeb.csproj", "{00E04BB1-E37C-4BA5-BBF0-C082048E2E1A}"
EndProject
Global
	GlobalSection(SolutionConfigurationPlatforms) = preSolution
		Debug|Any CPU = Debug|Any CPU
		Release|Any CPU = Release|Any CPU
	EndGlobalSection
	GlobalSection(ProjectConfigurationPlatforms) = postSolution
		{00E04BB1-E37C-4BA5-BBF0-C082048E2E1A}.Debug|Any CPU.ActiveCfg = Debug|Any CPU
		{00E04BB1-E37C-4BA5-BBF0-C082048E2E1A}.Debug|Any CPU.Build.0 = Debug|Any CPU
		{00E04BB1-E37C-4BA5-BBF0-C082048E2E1A}.Release|Any CPU.ActiveCfg = Release|Any CPU
		{00E04BB1-E37C-4BA5-BBF0-C082048E2E1A}.Release|Any CPU.Build.0 = Release|Any CPU
	EndGlobalSection
	GlobalSection(SolutionProperties) = preSolution
		HideSolutionNode = FALSE
	EndGlobalSection
	GlobalSection(ExtensibilityGlobals) = postSolution
		SolutionGuid = {AA2EBD1B-8547-4662-9438-CE43808507F9}
	EndGlobalSection
EndGlobal
